// !$*UTF8*$!
{
	archiveVersion = 1;
	classes = {
	};
	objectVersion = 56;
	objects = {

/* Begin PBXBuildFile section */
		4DB4F188E727B6BF679797DB /* Pods_StripeAsyncAwait.framework in Frameworks */ = {isa = PBXBuildFile; fileRef = 5E3FC132C96F00E8DDC1C83B /* Pods_StripeAsyncAwait.framework */; };
		7394D4D12D85B1CF008C82F3 /* AppDelegate.swift in Sources */ = {isa = PBXBuildFile; fileRef = 7394D4D02D85B1CF008C82F3 /* AppDelegate.swift */; };
		7394D4D32D85B1CF008C82F3 /* SceneDelegate.swift in Sources */ = {isa = PBXBuildFile; fileRef = 7394D4D22D85B1CF008C82F3 /* SceneDelegate.swift */; };
		7394D4D52D85B1CF008C82F3 /* ViewController.swift in Sources */ = {isa = PBXBuildFile; fileRef = 7394D4D42D85B1CF008C82F3 /* ViewController.swift */; };
		7394D4D82D85B1CF008C82F3 /* Main.storyboard in Resources */ = {isa = PBXBuildFile; fileRef = 7394D4D62D85B1CF008C82F3 /* Main.storyboard */; };
		7394D4DA2D85B1D2008C82F3 /* Assets.xcassets in Resources */ = {isa = PBXBuildFile; fileRef = 7394D4D92D85B1D2008C82F3 /* Assets.xcassets */; };
		7394D4DD2D85B1D2008C82F3 /* LaunchScreen.storyboard in Resources */ = {isa = PBXBuildFile; fileRef = 7394D4DB2D85B1D2008C82F3 /* LaunchScreen.storyboard */; };
		7394D4E52D85B315008C82F3 /* GoogleService-Info.plist in Resources */ = {isa = PBXBuildFile; fileRef = 7394D4E42D85B315008C82F3 /* GoogleService-Info.plist */; };
/* End PBXBuildFile section */

/* Begin PBXFileReference section */
		45CD169F79D8BA7D5C416EE2 /* Pods-StripeAsyncAwait.debug.xcconfig */ = {isa = PBXFileReference; includeInIndex = 1; lastKnownFileType = text.xcconfig; name = "Pods-StripeAsyncAwait.debug.xcconfig"; path = "Target Support Files/Pods-StripeAsyncAwait/Pods-StripeAsyncAwait.debug.xcconfig"; sourceTree = "<group>"; };
		5E3FC132C96F00E8DDC1C83B /* Pods_StripeAsyncAwait.framework */ = {isa = PBXFileReference; explicitFileType = wrapper.framework; includeInIndex = 0; path = Pods_StripeAsyncAwait.framework; sourceTree = BUILT_PRODUCTS_DIR; };
		7394D4CD2D85B1CF008C82F3 /* StripeAsyncAwait.app */ = {isa = PBXFileReference; explicitFileType = wrapper.application; includeInIndex = 0; path = StripeAsyncAwait.app; sourceTree = BUILT_PRODUCTS_DIR; };
		7394D4D02D85B1CF008C82F3 /* AppDelegate.swift */ = {isa = PBXFileReference; lastKnownFileType = sourcecode.swift; path = AppDelegate.swift; sourceTree = "<group>"; };
		7394D4D22D85B1CF008C82F3 /* SceneDelegate.swift */ = {isa = PBXFileReference; lastKnownFileType = sourcecode.swift; path = SceneDelegate.swift; sourceTree = "<group>"; };
		7394D4D42D85B1CF008C82F3 /* ViewController.swift */ = {isa = PBXFileReference; lastKnownFileType = sourcecode.swift; path = ViewController.swift; sourceTree = "<group>"; };
		7394D4D72D85B1CF008C82F3 /* Base */ = {isa = PBXFileReference; lastKnownFileType = file.storyboard; name = Base; path = Base.lproj/Main.storyboard; sourceTree = "<group>"; };
		7394D4D92D85B1D2008C82F3 /* Assets.xcassets */ = {isa = PBXFileReference; lastKnownFileType = folder.assetcatalog; path = Assets.xcassets; sourceTree = "<group>"; };
		7394D4DC2D85B1D2008C82F3 /* Base */ = {isa = PBXFileReference; lastKnownFileType = file.storyboard; name = Base; path = Base.lproj/LaunchScreen.storyboard; sourceTree = "<group>"; };
		7394D4DE2D85B1D2008C82F3 /* Info.plist */ = {isa = PBXFileReference; lastKnownFileType = text.plist.xml; path = Info.plist; sourceTree = "<group>"; };
		7394D4E42D85B315008C82F3 /* GoogleService-Info.plist */ = {isa = PBXFileReference; fileEncoding = 4; lastKnownFileType = text.plist.xml; path = "GoogleService-Info.plist"; sourceTree = "<group>"; };
		74D64D9F4EDFD76C3A4A3468 /* Pods-StripeAsyncAwait.release.xcconfig */ = {isa = PBXFileReference; includeInIndex = 1; lastKnownFileType = text.xcconfig; name = "Pods-StripeAsyncAwait.release.xcconfig"; path = "Target Support Files/Pods-StripeAsyncAwait/Pods-StripeAsyncAwait.release.xcconfig"; sourceTree = "<group>"; };
/* End PBXFileReference section */

/* Begin PBXFrameworksBuildPhase section */
		7394D4CA2D85B1CF008C82F3 /* Frameworks */ = {
			isa = PBXFrameworksBuildPhase;
			buildActionMask = 2147483647;
			files = (
				4DB4F188E727B6BF679797DB /* Pods_StripeAsyncAwait.framework in Frameworks */,
			);
			runOnlyForDeploymentPostprocessing = 0;
		};
/* End PBXFrameworksBuildPhase section */

/* Begin PBXGroup section */
		7394D4C42D85B1CF008C82F3 = {
			isa = PBXGroup;
			children = (
				7394D4CF2D85B1CF008C82F3 /* StripeAsyncAwait */,
				7394D4CE2D85B1CF008C82F3 /* Products */,
				9E9C27F615F37F23C54878FB /* Pods */,
				C56FA4DAE282115023E40802 /* Frameworks */,
			);
			sourceTree = "<group>";
		};
		7394D4CE2D85B1CF008C82F3 /* Products */ = {
			isa = PBXGroup;
			children = (
				7394D4CD2D85B1CF008C82F3 /* StripeAsyncAwait.app */,
			);
			name = Products;
			sourceTree = "<group>";
		};
		7394D4CF2D85B1CF008C82F3 /* StripeAsyncAwait */ = {
			isa = PBXGroup;
			children = (
				7394D4D02D85B1CF008C82F3 /* AppDelegate.swift */,
				7394D4D22D85B1CF008C82F3 /* SceneDelegate.swift */,
				7394D4D42D85B1CF008C82F3 /* ViewController.swift */,
				7394D4D62D85B1CF008C82F3 /* Main.storyboard */,
				7394D4D92D85B1D2008C82F3 /* Assets.xcassets */,
				7394D4DB2D85B1D2008C82F3 /* LaunchScreen.storyboard */,
				7394D4DE2D85B1D2008C82F3 /* Info.plist */,
				7394D4E42D85B315008C82F3 /* GoogleService-Info.plist */,
			);
			path = StripeAsyncAwait;
			sourceTree = "<group>";
		};
		9E9C27F615F37F23C54878FB /* Pods */ = {
			isa = PBXGroup;
			children = (
				45CD169F79D8BA7D5C416EE2 /* Pods-StripeAsyncAwait.debug.xcconfig */,
				74D64D9F4EDFD76C3A4A3468 /* Pods-StripeAsyncAwait.release.xcconfig */,
			);
			path = Pods;
			sourceTree = "<group>";
		};
		C56FA4DAE282115023E40802 /* Frameworks */ = {
			isa = PBXGroup;
			children = (
				5E3FC132C96F00E8DDC1C83B /* Pods_StripeAsyncAwait.framework */,
			);
			name = Frameworks;
			sourceTree = "<group>";
		};
/* End PBXGroup section */

/* Begin PBXNativeTarget section */
		7394D4CC2D85B1CF008C82F3 /* StripeAsyncAwait */ = {
			isa = PBXNativeTarget;
			buildConfigurationList = 7394D4E12D85B1D2008C82F3 /* Build configuration list for PBXNativeTarget "StripeAsyncAwait" */;
			buildPhases = (
				C482371708F3BEAF4BFB7BAA /* [CP] Check Pods Manifest.lock */,
				7394D4C92D85B1CF008C82F3 /* Sources */,
				7394D4CA2D85B1CF008C82F3 /* Frameworks */,
				7394D4CB2D85B1CF008C82F3 /* Resources */,
				EEE423774CE776C96EF8637D /* [CP] Embed Pods Frameworks */,
			);
			buildRules = (
			);
			dependencies = (
			);
			name = StripeAsyncAwait;
			productName = StripeAsyncAwait;
			productReference = 7394D4CD2D85B1CF008C82F3 /* StripeAsyncAwait.app */;
			productType = "com.apple.product-type.application";
		};
/* End PBXNativeTarget section */

/* Begin PBXProject section */
		7394D4C52D85B1CF008C82F3 /* Project object */ = {
			isa = PBXProject;
			attributes = {
				BuildIndependentTargetsInParallel = 1;
				LastSwiftUpdateCheck = 1520;
				LastUpgradeCheck = 1520;
				TargetAttributes = {
					7394D4CC2D85B1CF008C82F3 = {
						CreatedOnToolsVersion = 15.2;
					};
				};
			};
			buildConfigurationList = 7394D4C82D85B1CF008C82F3 /* Build configuration list for PBXProject "StripeAsyncAwait" */;
			compatibilityVersion = "Xcode 14.0";
			developmentRegion = en;
			hasScannedForEncodings = 0;
			knownRegions = (
				en,
				Base,
			);
			mainGroup = 7394D4C42D85B1CF008C82F3;
			productRefGroup = 7394D4CE2D85B1CF008C82F3 /* Products */;
			projectDirPath = "";
			projectRoot = "";
			targets = (
				7394D4CC2D85B1CF008C82F3 /* StripeAsyncAwait */,
			);
		};
/* End PBXProject section */

/* Begin PBXResourcesBuildPhase section */
		7394D4CB2D85B1CF008C82F3 /* Resources */ = {
			isa = PBXResourcesBuildPhase;
			buildActionMask = 2147483647;
			files = (
				7394D4DD2D85B1D2008C82F3 /* LaunchScreen.storyboard in Resources */,
				7394D4E52D85B315008C82F3 /* GoogleService-Info.plist in Resources */,
				7394D4DA2D85B1D2008C82F3 /* Assets.xcassets in Resources */,
				7394D4D82D85B1CF008C82F3 /* Main.storyboard in Resources */,
			);
			runOnlyForDeploymentPostprocessing = 0;
		};
/* End PBXResourcesBuildPhase section */

/* Begin PBXShellScriptBuildPhase section */
		C482371708F3BEAF4BFB7BAA /* [CP] Check Pods Manifest.lock */ = {
			isa = PBXShellScriptBuildPhase;
			buildActionMask = 2147483647;
			files = (
			);
			inputFileListPaths = (
			);
			inputPaths = (
				"${PODS_PODFILE_DIR_PATH}/Podfile.lock",
				"${PODS_ROOT}/Manifest.lock",
			);
			name = "[CP] Check Pods Manifest.lock";
			outputFileListPaths = (
			);
			outputPaths = (
				"$(DERIVED_FILE_DIR)/Pods-StripeAsyncAwait-checkManifestLockResult.txt",
			);
			runOnlyForDeploymentPostprocessing = 0;
			shellPath = /bin/sh;
			shellScript = "diff \"${PODS_PODFILE_DIR_PATH}/Podfile.lock\" \"${PODS_ROOT}/Manifest.lock\" > /dev/null\nif [ $? != 0 ] ; then\n    # print error to STDERR\n    echo \"error: The sandbox is not in sync with the Podfile.lock. Run 'pod install' or update your CocoaPods installation.\" >&2\n    exit 1\nfi\n# This output is used by Xcode 'outputs' to avoid re-running this script phase.\necho \"SUCCESS\" > \"${SCRIPT_OUTPUT_FILE_0}\"\n";
			showEnvVarsInLog = 0;
		};
		EEE423774CE776C96EF8637D /* [CP] Embed Pods Frameworks */ = {
			isa = PBXShellScriptBuildPhase;
			buildActionMask = 2147483647;
			files = (
			);
			inputFileListPaths = (
				"${PODS_ROOT}/Target Support Files/Pods-StripeAsyncAwait/Pods-StripeAsyncAwait-frameworks-${CONFIGURATION}-input-files.xcfilelist",
			);
			name = "[CP] Embed Pods Frameworks";
			outputFileListPaths = (
				"${PODS_ROOT}/Target Support Files/Pods-StripeAsyncAwait/Pods-StripeAsyncAwait-frameworks-${CONFIGURATION}-output-files.xcfilelist",
			);
			runOnlyForDeploymentPostprocessing = 0;
			shellPath = /bin/sh;
			shellScript = "\"${PODS_ROOT}/Target Support Files/Pods-StripeAsyncAwait/Pods-StripeAsyncAwait-frameworks.sh\"\n";
			showEnvVarsInLog = 0;
		};
/* End PBXShellScriptBuildPhase section */

/* Begin PBXSourcesBuildPhase section */
		7394D4C92D85B1CF008C82F3 /* Sources */ = {
			isa = PBXSourcesBuildPhase;
			buildActionMask = 2147483647;
			files = (
				7394D4D52D85B1CF008C82F3 /* ViewController.swift in Sources */,
				7394D4D12D85B1CF008C82F3 /* AppDelegate.swift in Sources */,
				7394D4D32D85B1CF008C82F3 /* SceneDelegate.swift in Sources */,
			);
			runOnlyForDeploymentPostprocessing = 0;
		};
/* End PBXSourcesBuildPhase section */

/* Begin PBXVariantGroup section */
		7394D4D62D85B1CF008C82F3 /* Main.storyboard */ = {
			isa = PBXVariantGroup;
			children = (
				7394D4D72D85B1CF008C82F3 /* Base */,
			);
			name = Main.storyboard;
			sourceTree = "<group>";
		};
		7394D4DB2D85B1D2008C82F3 /* LaunchScreen.storyboard */ = {
			isa = PBXVariantGroup;
			children = (
				7394D4DC2D85B1D2008C82F3 /* Base */,
			);
			name = LaunchScreen.storyboard;
			sourceTree = "<group>";
		};
/* End PBXVariantGroup section */

/* Begin XCBuildConfiguration section */
		7394D4DF2D85B1D2008C82F3 /* Debug */ = {
			isa = XCBuildConfiguration;
			buildSettings = {
				ALWAYS_SEARCH_USER_PATHS = NO;
				ASSETCATALOG_COMPILER_GENERATE_SWIFT_ASSET_SYMBOL_EXTENSIONS = YES;
				CLANG_ANALYZER_NONNULL = YES;
				CLANG_ANALYZER_NUMBER_OBJECT_CONVERSION = YES_AGGRESSIVE;
				CLANG_CXX_LANGUAGE_STANDARD = "gnu++20";
				CLANG_ENABLE_MODULES = YES;
				CLANG_ENABLE_OBJC_ARC = YES;
				CLANG_ENABLE_OBJC_WEAK = YES;
				CLANG_WARN_BLOCK_CAPTURE_AUTORELEASING = YES;
				CLANG_WARN_BOOL_CONVERSION = YES;
				CLANG_WARN_COMMA = YES;
				CLANG_WARN_CONSTANT_CONVERSION = YES;
				CLANG_WARN_DEPRECATED_OBJC_IMPLEMENTATIONS = YES;
				CLANG_WARN_DIRECT_OBJC_ISA_USAGE = YES_ERROR;
				CLANG_WARN_DOCUMENTATION_COMMENTS = YES;
				CLANG_WARN_EMPTY_BODY = YES;
				CLANG_WARN_ENUM_CONVERSION = YES;
				CLANG_WARN_INFINITE_RECURSION = YES;
				CLANG_WARN_INT_CONVERSION = YES;
				CLANG_WARN_NON_LITERAL_NULL_CONVERSION = YES;
				CLANG_WARN_OBJC_IMPLICIT_RETAIN_SELF = YES;
				CLANG_WARN_OBJC_LITERAL_CONVERSION = YES;
				CLANG_WARN_OBJC_ROOT_CLASS = YES_ERROR;
				CLANG_WARN_QUOTED_INCLUDE_IN_FRAMEWORK_HEADER = YES;
				CLANG_WARN_RANGE_LOOP_ANALYSIS = YES;
				CLANG_WARN_STRICT_PROTOTYPES = YES;
				CLANG_WARN_SUSPICIOUS_MOVE = YES;
				CLANG_WARN_UNGUARDED_AVAILABILITY = YES_AGGRESSIVE;
				CLANG_WARN_UNREACHABLE_CODE = YES;
				CLANG_WARN__DUPLICATE_METHOD_MATCH = YES;
				COPY_PHASE_STRIP = NO;
				DEBUG_INFORMATION_FORMAT = dwarf;
				ENABLE_STRICT_OBJC_MSGSEND = YES;
				ENABLE_TESTABILITY = YES;
				ENABLE_USER_SCRIPT_SANDBOXING = YES;
				GCC_C_LANGUAGE_STANDARD = gnu17;
				GCC_DYNAMIC_NO_PIC = NO;
				GCC_NO_COMMON_BLOCKS = YES;
				GCC_OPTIMIZATION_LEVEL = 0;
				GCC_PREPROCESSOR_DEFINITIONS = (
					"DEBUG=1",
					"$(inherited)",
				);
				GCC_WARN_64_TO_32_BIT_CONVERSION = YES;
				GCC_WARN_ABOUT_RETURN_TYPE = YES_ERROR;
				GCC_WARN_UNDECLARED_SELECTOR = YES;
				GCC_WARN_UNINITIALIZED_AUTOS = YES_AGGRESSIVE;
				GCC_WARN_UNUSED_FUNCTION = YES;
				GCC_WARN_UNUSED_VARIABLE = YES;
				IPHONEOS_DEPLOYMENT_TARGET = 17.2;
				LOCALIZATION_PREFERS_STRING_CATALOGS = YES;
				MTL_ENABLE_DEBUG_INFO = INCLUDE_SOURCE;
				MTL_FAST_MATH = YES;
				ONLY_ACTIVE_ARCH = YES;
				SDKROOT = iphoneos;
				SWIFT_ACTIVE_COMPILATION_CONDITIONS = "DEBUG $(inherited)";
				SWIFT_OPTIMIZATION_LEVEL = "-Onone";
			};
			name = Debug;
		};
		7394D4E02D85B1D2008C82F3 /* Release */ = {
			isa = XCBuildConfiguration;
			buildSettings = {
				ALWAYS_SEARCH_USER_PATHS = NO;
				ASSETCATALOG_COMPILER_GENERATE_SWIFT_ASSET_SYMBOL_EXTENSIONS = YES;
				CLANG_ANALYZER_NONNULL = YES;
				CLANG_ANALYZER_NUMBER_OBJECT_CONVERSION = YES_AGGRESSIVE;
				CLANG_CXX_LANGUAGE_STANDARD = "gnu++20";
				CLANG_ENABLE_MODULES = YES;
				CLANG_ENABLE_OBJC_ARC = YES;
				CLANG_ENABLE_OBJC_WEAK = YES;
				CLANG_WARN_BLOCK_CAPTURE_AUTORELEASING = YES;
				CLANG_WARN_BOOL_CONVERSION = YES;
				CLANG_WARN_COMMA = YES;
				CLANG_WARN_CONSTANT_CONVERSION = YES;
				CLANG_WARN_DEPRECATED_OBJC_IMPLEMENTATIONS = YES;
				CLANG_WARN_DIRECT_OBJC_ISA_USAGE = YES_ERROR;
				CLANG_WARN_DOCUMENTATION_COMMENTS = YES;
				CLANG_WARN_EMPTY_BODY = YES;
				CLANG_WARN_ENUM_CONVERSION = YES;
				CLANG_WARN_INFINITE_RECURSION = YES;
				CLANG_WARN_INT_CONVERSION = YES;
				CLANG_WARN_NON_LITERAL_NULL_CONVERSION = YES;
				CLANG_WARN_OBJC_IMPLICIT_RETAIN_SELF = YES;
				CLANG_WARN_OBJC_LITERAL_CONVERSION = YES;
				CLANG_WARN_OBJC_ROOT_CLASS = YES_ERROR;
				CLANG_WARN_QUOTED_INCLUDE_IN_FRAMEWORK_HEADER = YES;
				CLANG_WARN_RANGE_LOOP_ANALYSIS = YES;
				CLANG_WARN_STRICT_PROTOTYPES = YES;
				CLANG_WARN_SUSPICIOUS_MOVE = YES;
				CLANG_WARN_UNGUARDED_AVAILABILITY = YES_AGGRESSIVE;
				CLANG_WARN_UNREACHABLE_CODE = YES;
				CLANG_WARN__DUPLICATE_METHOD_MATCH = YES;
				COPY_PHASE_STRIP = NO;
				DEBUG_INFORMATION_FORMAT = "dwarf-with-dsym";
				ENABLE_NS_ASSERTIONS = NO;
				ENABLE_STRICT_OBJC_MSGSEND = YES;
				ENABLE_USER_SCRIPT_SANDBOXING = YES;
				GCC_C_LANGUAGE_STANDARD = gnu17;
				GCC_NO_COMMON_BLOCKS = YES;
				GCC_WARN_64_TO_32_BIT_CONVERSION = YES;
				GCC_WARN_ABOUT_RETURN_TYPE = YES_ERROR;
				GCC_WARN_UNDECLARED_SELECTOR = YES;
				GCC_WARN_UNINITIALIZED_AUTOS = YES_AGGRESSIVE;
				GCC_WARN_UNUSED_FUNCTION = YES;
				GCC_WARN_UNUSED_VARIABLE = YES;
				IPHONEOS_DEPLOYMENT_TARGET = 17.2;
				LOCALIZATION_PREFERS_STRING_CATALOGS = YES;
				MTL_ENABLE_DEBUG_INFO = NO;
				MTL_FAST_MATH = YES;
				SDKROOT = iphoneos;
				SWIFT_COMPILATION_MODE = wholemodule;
				VALIDATE_PRODUCT = YES;
			};
			name = Release;
		};
		7394D4E22D85B1D2008C82F3 /* Debug */ = {
			isa = XCBuildConfiguration;
			baseConfigurationReference = 45CD169F79D8BA7D5C416EE2 /* Pods-StripeAsyncAwait.debug.xcconfig */;
			buildSettings = {
				ASSETCATALOG_COMPILER_APPICON_NAME = AppIcon;
				ASSETCATALOG_COMPILER_GLOBAL_ACCENT_COLOR_NAME = AccentColor;
				CODE_SIGN_STYLE = Automatic;
				CURRENT_PROJECT_VERSION = 1;
				DEVELOPMENT_TEAM = JKKLXJD89Q;
				ENABLE_USER_SCRIPT_SANDBOXING = NO;
				GENERATE_INFOPLIST_FILE = YES;
				INFOPLIST_FILE = StripeAsyncAwait/Info.plist;
				INFOPLIST_KEY_UIApplicationSupportsIndirectInputEvents = YES;
				INFOPLIST_KEY_UILaunchStoryboardName = LaunchScreen;
				INFOPLIST_KEY_UIMainStoryboardFile = Main;
				INFOPLIST_KEY_UISupportedInterfaceOrientations_iPad = "UIInterfaceOrientationPortrait UIInterfaceOrientationPortraitUpsideDown UIInterfaceOrientationLandscapeLeft UIInterfaceOrientationLandscapeRight";
				INFOPLIST_KEY_UISupportedInterfaceOrientations_iPhone = "UIInterfaceOrientationPortrait UIInterfaceOrientationLandscapeLeft UIInterfaceOrientationLandscapeRight";
				LD_RUNPATH_SEARCH_PATHS = (
					"$(inherited)",
					"@executable_path/Frameworks",
				);
				MARKETING_VERSION = 1.0;
				PRODUCT_BUNDLE_IDENTIFIER = dev.HanisaHilole.StripeAsyncAwait;
				PRODUCT_NAME = "$(TARGET_NAME)";
				SWIFT_EMIT_LOC_STRINGS = YES;
				SWIFT_VERSION = 5.0;
				TARGETED_DEVICE_FAMILY = "1,2";
			};
			name = Debug;
		};
		7394D4E32D85B1D2008C82F3 /* Release */ = {
			isa = XCBuildConfiguration;
			baseConfigurationReference = 74D64D9F4EDFD76C3A4A3468 /* Pods-StripeAsyncAwait.release.xcconfig */;
			buildSettings = {
				ASSETCATALOG_COMPILER_APPICON_NAME = AppIcon;
				ASSETCATALOG_COMPILER_GLOBAL_ACCENT_COLOR_NAME = AccentColor;
				CODE_SIGN_STYLE = Automatic;
				CURRENT_PROJECT_VERSION = 1;
				DEVELOPMENT_TEAM = JKKLXJD89Q;
				ENABLE_USER_SCRIPT_SANDBOXING = NO;
				GENERATE_INFOPLIST_FILE = YES;
				INFOPLIST_FILE = StripeAsyncAwait/Info.plist;
				INFOPLIST_KEY_UIApplicationSupportsIndirectInputEvents = YES;
				INFOPLIST_KEY_UILaunchStoryboardName = LaunchScreen;
				INFOPLIST_KEY_UIMainStoryboardFile = Main;
				INFOPLIST_KEY_UISupportedInterfaceOrientations_iPad = "UIInterfaceOrientationPortrait UIInterfaceOrientationPortraitUpsideDown UIInterfaceOrientationLandscapeLeft UIInterfaceOrientationLandscapeRight";
				INFOPLIST_KEY_UISupportedInterfaceOrientations_iPhone = "UIInterfaceOrientationPortrait UIInterfaceOrientationLandscapeLeft UIInterfaceOrientationLandscapeRight";
				LD_RUNPATH_SEARCH_PATHS = (
					"$(inherited)",
					"@executable_path/Frameworks",
				);
				MARKETING_VERSION = 1.0;
				PRODUCT_BUNDLE_IDENTIFIER = dev.HanisaHilole.StripeAsyncAwait;
				PRODUCT_NAME = "$(TARGET_NAME)";
				SWIFT_EMIT_LOC_STRINGS = YES;
				SWIFT_VERSION = 5.0;
				TARGETED_DEVICE_FAMILY = "1,2";
			};
			name = Release;
		};
/* End XCBuildConfiguration section */

/* Begin XCConfigurationList section */
		7394D4C82D85B1CF008C82F3 /* Build configuration list for PBXProject "StripeAsyncAwait" */ = {
			isa = XCConfigurationList;
			buildConfigurations = (
				7394D4DF2D85B1D2008C82F3 /* Debug */,
				7394D4E02D85B1D2008C82F3 /* Release */,
			);
			defaultConfigurationIsVisible = 0;
			defaultConfigurationName = Release;
		};
		7394D4E12D85B1D2008C82F3 /* Build configuration list for PBXNativeTarget "StripeAsyncAwait" */ = {
			isa = XCConfigurationList;
			buildConfigurations = (
				7394D4E22D85B1D2008C82F3 /* Debug */,
				7394D4E32D85B1D2008C82F3 /* Release */,
			);
			defaultConfigurationIsVisible = 0;
			defaultConfigurationName = Release;
		};
/* End XCConfigurationList section */
	};
	rootObject = 7394D4C52D85B1CF008C82F3 /* Project object */;
}
